
Microsoft Visual Studio Solution File, Format Version 12.00
Project("{FAE04EC0-301F-11D3-BF4B-00C04F79EFBC}") = "Hackube.ServiceTest", "Hackube.ServiceTest.csproj", "{C2701FDE-BC34-4EB7-B08E-25FB4BE1232A}"
EndProject
Global
	GlobalSection(SolutionConfigurationPlatforms) = preSolution
		Debug|Any CPU = Debug|Any CPU
		Release|Any CPU = Release|Any CPU
	EndGlobalSection
	GlobalSection(ProjectConfigurationPlatforms) = postSolution
		{C2701FDE-BC34-4EB7-B08E-25FB4BE1232A}.Debug|Any CPU.ActiveCfg = Debug|Any CPU
		{C2701FDE-BC34-4EB7-B08E-25FB4BE1232A}.Debug|Any CPU.Build.0 = Debug|Any CPU
		{C2701FDE-BC34-4EB7-B08E-25FB4BE1232A}.Release|Any CPU.ActiveCfg = Release|Any CPU
		{C2701FDE-BC34-4EB7-B08E-25FB4BE1232A}.Release|Any CPU.Build.0 = Release|Any CPU
	EndGlobalSection
EndGlobal
